// !$*UTF8*$!
{
	archiveVersion = 1;
	classes = {
	};
	objectVersion = 51;
	objects = {

/* Begin PBXBuildFile section */
		0344F9A3DCB241CE87A19E15 /* art.scnassets in Resources */ = {isa = PBXBuildFile; fileRef = 4B028531192941715D0B628E /* art.scnassets */; };
		1C5C2A94C62B97930D92A6C9 /* Assets.xcassets in Resources */ = {isa = PBXBuildFile; fileRef = E94397756318AE397A85EBB0 /* Assets.xcassets */; };
		44C53F6EBC6D3F3B74561EE2 /* GameScene.swift in Sources */ = {isa = PBXBuildFile; fileRef = B113C53F5F95A41552A73F71 /* GameScene.swift */; };
		8DF29434FC7739048DF891E1 /* Main.storyboard in Resources */ = {isa = PBXBuildFile; fileRef = B798903CD8664FE6D694C17E /* Main.storyboard */; };
		8F5DC8EB98A103D1A4941B06 /* AppDelegate.swift in Sources */ = {isa = PBXBuildFile; fileRef = 10790EE94D31C8FEEC59386E /* AppDelegate.swift */; };
		B9B6F0CB4EDF4E61DAF63339 /* LaunchScreen.storyboard in Resources */ = {isa = PBXBuildFile; fileRef = C4AC94668E237EC61B83AF9C /* LaunchScreen.storyboard */; };
		CAC903E8E6D06066E4ECE23E /* GameViewController.swift in Sources */ = {isa = PBXBuildFile; fileRef = 1460D19272A75ED4C0ACF6C5 /* GameViewController.swift */; };
/* End PBXBuildFile section */

/* Begin PBXFileReference section */
		10790EE94D31C8FEEC59386E /* AppDelegate.swift */ = {isa = PBXFileReference; lastKnownFileType = sourcecode.swift; path = AppDelegate.swift; sourceTree = "<group>"; };
		1460D19272A75ED4C0ACF6C5 /* GameViewController.swift */ = {isa = PBXFileReference; lastKnownFileType = sourcecode.swift; path = GameViewController.swift; sourceTree = "<group>"; };
		167E50DB584FEFC90ACF2CAD /* Base */ = {isa = PBXFileReference; lastKnownFileType = file.storyboard; name = Base; path = Base.lproj/Main.storyboard; sourceTree = "<group>"; };
		1EF95DABB57452E5A6522E23 /* Base */ = {isa = PBXFileReference; lastKnownFileType = file.storyboard; name = Base; path = Base.lproj/LaunchScreen.storyboard; sourceTree = "<group>"; };
		4B028531192941715D0B628E /* art.scnassets */ = {isa = PBXFileReference; path = art.scnassets; sourceTree = "<group>"; };
		807E6D0F08353518166CBBC2 /* Dice3D.app */ = {isa = PBXFileReference; includeInIndex = 0; lastKnownFileType = wrapper.application; path = Dice3D.app; sourceTree = BUILT_PRODUCTS_DIR; };
		8934604B4092C33BD50081A6 /* Info.plist */ = {isa = PBXFileReference; lastKnownFileType = text.plist.xml; path = Info.plist; sourceTree = "<group>"; };
		B113C53F5F95A41552A73F71 /* GameScene.swift */ = {isa = PBXFileReference; lastKnownFileType = sourcecode.swift; path = GameScene.swift; sourceTree = "<group>"; };
		E94397756318AE397A85EBB0 /* Assets.xcassets */ = {isa = PBXFileReference; lastKnownFileType = folder.assetcatalog; path = Assets.xcassets; sourceTree = "<group>"; };
/* End PBXFileReference section */

/* Begin PBXGroup section */
		0488CB049E0FB4454797D607 /* Products */ = {
			isa = PBXGroup;
			children = (
				807E6D0F08353518166CBBC2 /* Dice3D.app */,
			);
			name = Products;
			sourceTree = "<group>";
		};
		A2B4B153853D8D36537E13E2 = {
			isa = PBXGroup;
			children = (
				DEC9994636047AD4050423A5 /* Dice3D */,
				0488CB049E0FB4454797D607 /* Products */,
			);
			sourceTree = "<group>";
		};
		DEC9994636047AD4050423A5 /* Dice3D */ = {
			isa = PBXGroup;
			children = (
				10790EE94D31C8FEEC59386E /* AppDelegate.swift */,
				4B028531192941715D0B628E /* art.scnassets */,
				E94397756318AE397A85EBB0 /* Assets.xcassets */,
				B113C53F5F95A41552A73F71 /* GameScene.swift */,
				1460D19272A75ED4C0ACF6C5 /* GameViewController.swift */,
				8934604B4092C33BD50081A6 /* Info.plist */,
				C4AC94668E237EC61B83AF9C /* LaunchScreen.storyboard */,
				B798903CD8664FE6D694C17E /* Main.storyboard */,
			);
			path = Dice3D;
			sourceTree = "<group>";
		};
/* End PBXGroup section */

/* Begin PBXNativeTarget section */
		4FB0CE03E53704571481B517 /* Dice3D */ = {
			isa = PBXNativeTarget;
			buildConfigurationList = 674094691DF8BB7397D37123 /* Build configuration list for PBXNativeTarget "Dice3D" */;
			buildPhases = (
				2BD11092DFEE6615EFE9076E /* Sources */,
				BE405217A87F4642507EF15E /* Resources */,
			);
			buildRules = (
			);
			dependencies = (
			);
			name = Dice3D;
			productName = Dice3D;
			productReference = 807E6D0F08353518166CBBC2 /* Dice3D.app */;
			productType = "com.apple.product-type.application";
		};
/* End PBXNativeTarget section */

/* Begin PBXProject section */
		162FB1543818EF507DD4D7A6 /* Project object */ = {
			isa = PBXProject;
			attributes = {
				LastUpgradeCheck = 1020;
			};
			buildConfigurationList = B495B216E72BCB5724D62315 /* Build configuration list for PBXProject "Dice3D" */;
			compatibilityVersion = "Xcode 10.0";
			developmentRegion = en;
			hasScannedForEncodings = 0;
			knownRegions = (
				Base,
			);
			mainGroup = A2B4B153853D8D36537E13E2;
			projectDirPath = "";
			projectRoot = "";
			targets = (
				4FB0CE03E53704571481B517 /* Dice3D */,
			);
		};
/* End PBXProject section */

/* Begin PBXResourcesBuildPhase section */
		BE405217A87F4642507EF15E /* Resources */ = {
			isa = PBXResourcesBuildPhase;
			buildActionMask = 2147483647;
			files = (
				1C5C2A94C62B97930D92A6C9 /* Assets.xcassets in Resources */,
				B9B6F0CB4EDF4E61DAF63339 /* LaunchScreen.storyboard in Resources */,
				8DF29434FC7739048DF891E1 /* Main.storyboard in Resources */,
				0344F9A3DCB241CE87A19E15 /* art.scnassets in Resources */,
			);
			runOnlyForDeploymentPostprocessing = 0;
		};
/* End PBXResourcesBuildPhase section */

/* Begin PBXSourcesBuildPhase section */
		2BD11092DFEE6615EFE9076E /* Sources */ = {
			isa = PBXSourcesBuildPhase;
			buildActionMask = 2147483647;
			files = (
				8F5DC8EB98A103D1A4941B06 /* AppDelegate.swift in Sources */,
				44C53F6EBC6D3F3B74561EE2 /* GameScene.swift in Sources */,
				CAC903E8E6D06066E4ECE23E /* GameViewController.swift in Sources */,
			);
			runOnlyForDeploymentPostprocessing = 0;
		};
/* End PBXSourcesBuildPhase section */

/* Begin PBXVariantGroup section */
		B798903CD8664FE6D694C17E /* Main.storyboard */ = {
			isa = PBXVariantGroup;
			children = (
				167E50DB584FEFC90ACF2CAD /* Base */,
			);
			name = Main.storyboard;
			sourceTree = "<group>";
		};
		C4AC94668E237EC61B83AF9C /* LaunchScreen.storyboard */ = {
			isa = PBXVariantGroup;
			children = (
				1EF95DABB57452E5A6522E23 /* Base */,
			);
			name = LaunchScreen.storyboard;
			sourceTree = "<group>";
		};
/* End PBXVariantGroup section */

/* Begin XCBuildConfiguration section */
		2C4955712BD1369899002E55 /* Debug */ = {
			isa = XCBuildConfiguration;
			buildSettings = {
				ASSETCATALOG_COMPILER_APPICON_NAME = AppIcon;
				CODE_SIGN_IDENTITY = "iPhone Developer";
				INFOPLIST_FILE = Dice3D/Info.plist;
				LD_RUNPATH_SEARCH_PATHS = "$(inherited) @executable_path/Frameworks";
				PRODUCT_BUNDLE_IDENTIFIER = com.example.Dice3D;
				SDKROOT = iphoneos;
				SWIFT_VERSION = 5.0;
				TARGETED_DEVICE_FAMILY = "1,2";
			};
			name = Debug;
		};
		3F8133FEB39154DAB318D9B5 /* Debug */ = {
			isa = XCBuildConfiguration;
			buildSettings = {
				ALWAYS_SEARCH_USER_PATHS = NO;
				CLANG_ANALYZER_NONNULL = YES;
				CLANG_ANALYZER_NUMBER_OBJECT_CONVERSION = YES_AGGRESSIVE;
				CLANG_CXX_LANGUAGE_STANDARD = "gnu++14";
				CLANG_CXX_LIBRARY = "libc++";
				CLANG_ENABLE_MODULES = YES;
				CLANG_ENABLE_OBJC_ARC = YES;
				CLANG_WARN_BLOCK_CAPTURE_AUTORELEASING = YES;
				CLANG_WARN_BOOL_CONVERSION = YES;
				CLANG_WARN_COMMA = YES;
				CLANG_WARN_CONSTANT_CONVERSION = YES;
				CLANG_WARN_DEPRECATED_OBJC_IMPLEMENTATIONS = YES;
				CLANG_WARN_DIRECT_OBJC_ISA_USAGE = YES_ERROR;
				CLANG_WARN_DOCUMENTATION_COMMENTS = YES;
				CLANG_WARN_EMPTY_BODY = YES;
				CLANG_WARN_ENUM_CONVERSION = YES;
				CLANG_WARN_INFINITE_RECURSION = YES;
				CLANG_WARN_INT_CONVERSION = YES;
				CLANG_WARN_NON_LITERAL_NULL_CONVERSION = YES;
				CLANG_WARN_OBJC_IMPLICIT_RETAIN_SELF = YES;
				CLANG_WARN_OBJC_LITERAL_CONVERSION = YES;
				CLANG_WARN_OBJC_ROOT_CLASS = YES_ERROR;
				CLANG_WARN_RANGE_LOOP_ANALYSIS = YES;
				CLANG_WARN_STRICT_PROTOTYPES = YES;
				CLANG_WARN_SUSPICIOUS_MOVE = YES;
				CLANG_WARN_UNGUARDED_AVAILABILITY = YES_AGGRESSIVE;
				CLANG_WARN_UNREACHABLE_CODE = YES;
				CLANG_WARN__DUPLICATE_METHOD_MATCH = YES;
				COPY_PHASE_STRIP = NO;
				DEBUG_INFORMATION_FORMAT = dwarf;
				ENABLE_STRICT_OBJC_MSGSEND = YES;
				ENABLE_TESTABILITY = YES;
				GCC_C_LANGUAGE_STANDARD = gnu11;
				GCC_DYNAMIC_NO_PIC = NO;
				GCC_NO_COMMON_BLOCKS = YES;
				GCC_OPTIMIZATION_LEVEL = 0;
				GCC_PREPROCESSOR_DEFINITIONS = (
					"$(inherited)",
					"DEBUG=1",
				);
				GCC_WARN_64_TO_32_BIT_CONVERSION = YES;
				GCC_WARN_ABOUT_RETURN_TYPE = YES_ERROR;
				GCC_WARN_UNDECLARED_SELECTOR = YES;
				GCC_WARN_UNINITIALIZED_AUTOS = YES_AGGRESSIVE;
				GCC_WARN_UNUSED_FUNCTION = YES;
				GCC_WARN_UNUSED_VARIABLE = YES;
				IPHONEOS_DEPLOYMENT_TARGET = 10.0;
				MTL_ENABLE_DEBUG_INFO = YES;
				ONLY_ACTIVE_ARCH = YES;
				PRODUCT_NAME = "$(TARGET_NAME)";
				SDKROOT = iphoneos;
				SWIFT_ACTIVE_COMPILATION_CONDITIONS = DEBUG;
				SWIFT_OPTIMIZATION_LEVEL = "-Onone";
				SWIFT_VERSION = 5.0;
			};
			name = Debug;
		};
		DF3CB0A0D680874DA20D874A /* Release */ = {
			isa = XCBuildConfiguration;
			buildSettings = {
				ALWAYS_SEARCH_USER_PATHS = NO;
				CLANG_ANALYZER_NONNULL = YES;
				CLANG_ANALYZER_NUMBER_OBJECT_CONVERSION = YES_AGGRESSIVE;
				CLANG_CXX_LANGUAGE_STANDARD = "gnu++14";
				CLANG_CXX_LIBRARY = "libc++";
				CLANG_ENABLE_MODULES = YES;
				CLANG_ENABLE_OBJC_ARC = YES;
				CLANG_WARN_BLOCK_CAPTURE_AUTORELEASING = YES;
				CLANG_WARN_BOOL_CONVERSION = YES;
				CLANG_WARN_COMMA = YES;
				CLANG_WARN_CONSTANT_CONVERSION = YES;
				CLANG_WARN_DEPRECATED_OBJC_IMPLEMENTATIONS = YES;
				CLANG_WARN_DIRECT_OBJC_ISA_USAGE = YES_ERROR;
				CLANG_WARN_DOCUMENTATION_COMMENTS = YES;
				CLANG_WARN_EMPTY_BODY = YES;
				CLANG_WARN_ENUM_CONVERSION = YES;
				CLANG_WARN_INFINITE_RECURSION = YES;
				CLANG_WARN_INT_CONVERSION = YES;
				CLANG_WARN_NON_LITERAL_NULL_CONVERSION = YES;
				CLANG_WARN_OBJC_IMPLICIT_RETAIN_SELF = YES;
				CLANG_WARN_OBJC_LITERAL_CONVERSION = YES;
				CLANG_WARN_OBJC_ROOT_CLASS = YES_ERROR;
				CLANG_WARN_RANGE_LOOP_ANALYSIS = YES;
				CLANG_WARN_STRICT_PROTOTYPES = YES;
				CLANG_WARN_SUSPICIOUS_MOVE = YES;
				CLANG_WARN_UNGUARDED_AVAILABILITY = YES_AGGRESSIVE;
				CLANG_WARN_UNREACHABLE_CODE = YES;
				CLANG_WARN__DUPLICATE_METHOD_MATCH = YES;
				COPY_PHASE_STRIP = NO;
				DEBUG_INFORMATION_FORMAT = "dwarf-with-dsym";
				ENABLE_NS_ASSERTIONS = NO;
				ENABLE_STRICT_OBJC_MSGSEND = YES;
				GCC_C_LANGUAGE_STANDARD = gnu11;
				GCC_NO_COMMON_BLOCKS = YES;
				GCC_WARN_64_TO_32_BIT_CONVERSION = YES;
				GCC_WARN_ABOUT_RETURN_TYPE = YES_ERROR;
				GCC_WARN_UNDECLARED_SELECTOR = YES;
				GCC_WARN_UNINITIALIZED_AUTOS = YES_AGGRESSIVE;
				GCC_WARN_UNUSED_FUNCTION = YES;
				GCC_WARN_UNUSED_VARIABLE = YES;
				IPHONEOS_DEPLOYMENT_TARGET = 10.0;
				PRODUCT_NAME = "$(TARGET_NAME)";
				SDKROOT = iphoneos;
				SWIFT_COMPILATION_MODE = wholemodule;
				SWIFT_VERSION = 5.0;
				VALIDATE_PRODUCT = YES;
			};
			name = Release;
		};
		E14526CBB20F9031DCB33914 /* Release */ = {
			isa = XCBuildConfiguration;
			buildSettings = {
				ASSETCATALOG_COMPILER_APPICON_NAME = AppIcon;
				CODE_SIGN_IDENTITY = "iPhone Developer";
				INFOPLIST_FILE = Dice3D/Info.plist;
				LD_RUNPATH_SEARCH_PATHS = "$(inherited) @executable_path/Frameworks";
				PRODUCT_BUNDLE_IDENTIFIER = com.example.Dice3D;
				SDKROOT = iphoneos;
				SWIFT_VERSION = 5.0;
				TARGETED_DEVICE_FAMILY = "1,2";
			};
			name = Release;
		};
/* End XCBuildConfiguration section */

/* Begin XCConfigurationList section */
		674094691DF8BB7397D37123 /* Build configuration list for PBXNativeTarget "Dice3D" */ = {
			isa = XCConfigurationList;
			buildConfigurations = (
				2C4955712BD1369899002E55 /* Debug */,
				E14526CBB20F9031DCB33914 /* Release */,
			);
			defaultConfigurationIsVisible = 0;
			defaultConfigurationName = "";
		};
		B495B216E72BCB5724D62315 /* Build configuration list for PBXProject "Dice3D" */ = {
			isa = XCConfigurationList;
			buildConfigurations = (
				3F8133FEB39154DAB318D9B5 /* Debug */,
				DF3CB0A0D680874DA20D874A /* Release */,
			);
			defaultConfigurationIsVisible = 0;
			defaultConfigurationName = Debug;
		};
/* End XCConfigurationList section */
	};
	rootObject = 162FB1543818EF507DD4D7A6 /* Project object */;
}
